{
  "version": 4,
  "terraform_version": "1.5.7",
  "serial": 72,
  "lineage": "ac680ab3-4352-bc6e-79db-6efa67cac798",
  "outputs": {
    "instance_ip": {
      "value": "16.16.187.174",
      "type": "string"
    }
  },
  "resources": [
    {
      "mode": "managed",
      "type": "aws_eip",
      "name": "my_eip",
      "provider": "provider[\"registry.terraform.io/hashicorp/aws\"]",
      "instances": [
        {
          "schema_version": 0,
          "attributes": {
            "address": null,
            "allocation_id": "eipalloc-081934b0430c80d5e",
            "associate_with_private_ip": null,
            "association_id": "eipassoc-0a8a02f83229ab774",
            "carrier_ip": "",
            "customer_owned_ip": "",
            "customer_owned_ipv4_pool": "",
            "domain": "vpc",
            "id": "eipalloc-081934b0430c80d5e",
            "instance": "i-092ec5f1523c775de",
            "network_border_group": "eu-north-1",
            "network_interface": "eni-0a0acbaee2ef7395e",
            "private_dns": "ip-172-31-26-77.eu-north-1.compute.internal",
            "private_ip": "172.31.26.77",
            "public_dns": "ec2-16-16-117-230.eu-north-1.compute.amazonaws.com",
            "public_ip": "16.16.117.230",
            "public_ipv4_pool": "amazon",
            "tags": null,
            "tags_all": {},
            "timeouts": null,
            "vpc": true
          },
          "sensitive_attributes": [],
          "private": "eyJlMmJmYjczMC1lY2FhLTExZTYtOGY4OC0zNDM2M2JjN2M0YzAiOnsiZGVsZXRlIjoxODAwMDAwMDAwMDAsInJlYWQiOjkwMDAwMDAwMDAwMCwidXBkYXRlIjozMDAwMDAwMDAwMDB9fQ==",
          "dependencies": [
            "aws_instance.example",
            "aws_key_pair.my_key",
            "aws_security_group.ssh",
            "tls_private_key.my_key"
          ]
        }
      ]
    },
    {
      "mode": "managed",
      "type": "aws_instance",
      "name": "example",
      "provider": "provider[\"registry.terraform.io/hashicorp/aws\"]",
      "instances": [
        {
          "schema_version": 1,
          "attributes": {
            "ami": "ami-0b0d560d43e65a601",
            "arn": "arn:aws:ec2:eu-north-1:613333294410:instance/i-092ec5f1523c775de",
            "associate_public_ip_address": true,
            "availability_zone": "eu-north-1a",
            "capacity_reservation_specification": [
              {
                "capacity_reservation_preference": "open",
                "capacity_reservation_target": []
              }
            ],
            "cpu_core_count": 1,
            "cpu_options": [
              {
                "amd_sev_snp": "",
                "core_count": 1,
                "threads_per_core": 2
              }
            ],
            "cpu_threads_per_core": 2,
            "credit_specification": [
              {
                "cpu_credits": "unlimited"
              }
            ],
            "disable_api_stop": false,
            "disable_api_termination": false,
            "ebs_block_device": [],
            "ebs_optimized": false,
            "enclave_options": [
              {
                "enabled": false
              }
            ],
            "ephemeral_block_device": [],
            "get_password_data": false,
            "hibernation": false,
            "host_id": "",
            "host_resource_group_arn": null,
            "iam_instance_profile": "",
            "id": "i-092ec5f1523c775de",
            "instance_initiated_shutdown_behavior": "stop",
            "instance_lifecycle": "",
            "instance_market_options": [],
            "instance_state": "running",
            "instance_type": "t3.micro",
            "ipv6_address_count": 0,
            "ipv6_addresses": [],
            "key_name": "my-key",
            "launch_template": [],
            "maintenance_options": [
              {
                "auto_recovery": "default"
              }
            ],
            "metadata_options": [
              {
                "http_endpoint": "enabled",
                "http_protocol_ipv6": "disabled",
                "http_put_response_hop_limit": 2,
                "http_tokens": "required",
                "instance_metadata_tags": "disabled"
              }
            ],
            "monitoring": false,
            "network_interface": [],
            "outpost_arn": "",
            "password_data": "",
            "placement_group": "",
            "placement_partition_number": 0,
            "primary_network_interface_id": "eni-0a0acbaee2ef7395e",
            "private_dns": "ip-172-31-26-77.eu-north-1.compute.internal",
            "private_dns_name_options": [
              {
                "enable_resource_name_dns_a_record": false,
                "enable_resource_name_dns_aaaa_record": false,
                "hostname_type": "ip-name"
              }
            ],
            "private_ip": "172.31.26.77",
            "public_dns": "ec2-16-16-187-174.eu-north-1.compute.amazonaws.com",
            "public_ip": "16.16.187.174",
            "root_block_device": [
              {
                "delete_on_termination": true,
                "device_name": "/dev/xvda",
                "encrypted": false,
                "iops": 3000,
                "kms_key_id": "",
                "tags": {},
                "throughput": 125,
                "volume_id": "vol-0cb78a65f9f7a19fb",
                "volume_size": 8,
                "volume_type": "gp3"
              }
            ],
            "secondary_private_ips": [],
            "security_groups": [
              "allow-all-traffic"
            ],
            "source_dest_check": true,
            "spot_instance_request_id": "",
            "subnet_id": "subnet-0735d07b7beb70ebb",
            "tags": {
              "Name": "example-instance"
            },
            "tags_all": {
              "Name": "example-instance"
            },
            "tenancy": "default",
            "timeouts": null,
            "user_data": null,
            "user_data_base64": null,
            "user_data_replace_on_change": false,
            "volume_tags": null,
            "vpc_security_group_ids": [
              "sg-03052249c027eea16"
            ]
          },
          "sensitive_attributes": [],
          "private": "eyJlMmJmYjczMC1lY2FhLTExZTYtOGY4OC0zNDM2M2JjN2M0YzAiOnsiY3JlYXRlIjo2MDAwMDAwMDAwMDAsImRlbGV0ZSI6MTIwMDAwMDAwMDAwMCwidXBkYXRlIjo2MDAwMDAwMDAwMDB9LCJzY2hlbWFfdmVyc2lvbiI6IjEifQ==",
          "dependencies": [
            "aws_key_pair.my_key",
            "aws_security_group.ssh",
            "tls_private_key.my_key"
          ]
        }
      ]
    },
    {
      "mode": "managed",
      "type": "aws_key_pair",
      "name": "my_key",
      "provider": "provider[\"registry.terraform.io/hashicorp/aws\"]",
      "instances": [
        {
          "schema_version": 1,
          "attributes": {
            "arn": "arn:aws:ec2:eu-north-1:613333294410:key-pair/my-key",
            "fingerprint": "f2:a7:c9:7f:af:ce:dd:6b:37:fb:0e:0d:62:80:63:16",
            "id": "my-key",
            "key_name": "my-key",
            "key_name_prefix": "",
            "key_pair_id": "key-079fce6e81c981d57",
            "key_type": "rsa",
            "public_key": "ssh-rsa AAAAB3NzaC1yc2EAAAADAQABAAABAQCoQI/7Dwkn3fn450jTcZ1JbjMgoUalkvl1keUTGpG0CUJHeg6jCI5Qq47jmaaNW19hOHdV5Yd+EMLK2edInzwlFXFLV7NCpuUU8FZYChEoa1kYnkMGvmcUTa6vzxT4mHf8ENTkuQv5ZxNeZ0K7klRf1VpXicxyH/anMpWTxZN2TPLdo6iGpVDedzLZLfUhzfShPbXnkVLCkiviGK3KKkdUBAAHnOqhMf5dMVfwa6iN5MntLvh9OHXqd06PDJj2FE2OQZ4kKz6Pe2Vq/DV/3yKblQ9HpZmOMeYg9o40ssa27hYJJfBHre4nIZEVnAEAecFH2/g1jlmcnChH+4AHoDKF",
            "tags": null,
            "tags_all": {}
          },
          "sensitive_attributes": [],
          "private": "eyJzY2hlbWFfdmVyc2lvbiI6IjEifQ==",
          "dependencies": [
            "tls_private_key.my_key"
          ]
        }
      ]
    },
    {
      "mode": "managed",
      "type": "aws_security_group",
      "name": "ssh",
      "provider": "provider[\"registry.terraform.io/hashicorp/aws\"]",
      "instances": [
        {
          "schema_version": 1,
          "attributes": {
            "arn": "arn:aws:ec2:eu-north-1:613333294410:security-group/sg-03052249c027eea16",
            "description": "Allow all inbound and outbound traffic",
            "egress": [
              {
                "cidr_blocks": [
                  "0.0.0.0/0"
                ],
                "description": "",
                "from_port": -1,
                "ipv6_cidr_blocks": [],
                "prefix_list_ids": [],
                "protocol": "icmp",
                "security_groups": [],
                "self": false,
                "to_port": -1
              },
              {
                "cidr_blocks": [
                  "0.0.0.0/0"
                ],
                "description": "",
                "from_port": 0,
                "ipv6_cidr_blocks": [],
                "prefix_list_ids": [],
                "protocol": "tcp",
                "security_groups": [],
                "self": false,
                "to_port": 65535
              }
            ],
            "id": "sg-03052249c027eea16",
            "ingress": [
              {
                "cidr_blocks": [
                  "0.0.0.0/0"
                ],
                "description": "",
                "from_port": -1,
                "ipv6_cidr_blocks": [],
                "prefix_list_ids": [],
                "protocol": "icmp",
                "security_groups": [],
                "self": false,
                "to_port": -1
              },
              {
                "cidr_blocks": [
                  "0.0.0.0/0"
                ],
                "description": "",
                "from_port": 0,
                "ipv6_cidr_blocks": [],
                "prefix_list_ids": [],
                "protocol": "tcp",
                "security_groups": [],
                "self": false,
                "to_port": 65535
              }
            ],
            "name": "allow-all-traffic",
            "name_prefix": "",
            "owner_id": "613333294410",
            "revoke_rules_on_delete": false,
            "tags": null,
            "tags_all": {},
            "timeouts": null,
            "vpc_id": "vpc-009d798333f3e5b69"
          },
          "sensitive_attributes": [],
          "private": "eyJlMmJmYjczMC1lY2FhLTExZTYtOGY4OC0zNDM2M2JjN2M0YzAiOnsiY3JlYXRlIjo2MDAwMDAwMDAwMDAsImRlbGV0ZSI6OTAwMDAwMDAwMDAwfSwic2NoZW1hX3ZlcnNpb24iOiIxIn0="
        }
      ]
    },
    {
      "mode": "managed",
      "type": "local_file",
      "name": "private_key",
      "provider": "provider[\"registry.terraform.io/hashicorp/local\"]",
      "instances": [
        {
          "schema_version": 0,
          "attributes": {
            "content": "-----BEGIN RSA PRIVATE KEY-----\nMIIEogIBAAKCAQEAqECP+w8JJ935+OdI03GdSW4zIKFGpZL5dZHlExqRtAlCR3oO\nowiOUKuO45mmjVtfYTh3VeWHfhDCytnnSJ88JRVxS1ezQqblFPBWWAoRKGtZGJ5D\nBr5nFE2ur88U+Jh3/BDU5LkL+WcTXmdCu5JUX9VaV4nMch/2pzKVk8WTdkzy3aOo\nhqVQ3ncy2S31Ic30oT2155FSwpIr4hityipHVAQAB5zqoTH+XTFX8GuojeTJ7S74\nfTh16ndOjwyY9hRNjkGeJCs+j3tlavw1f98im5UPR6WZjjHmIPaONLLGtu4WCSXw\nR63uJyGRFZwBAHnBR9v4NY5ZnJwoR/uAB6AyhQIDAQABAoIBAA7GVJ5sTJaGpJvZ\n24hN0s0O80hrQSPrCyLq493QmHjh00Mpkb15U937ormT1Y9WNcL4zWnqlQJaAHEF\nv4yeBw8OmftOwTwaIcW78SkcATO2cYV66FHgSHb891kS6zmFUgv9gmRvZ4DIL2g7\n0x1blTMxLhS/0gc3jVZTV9U5JWDe7oAKIynTne+Em2am3HUAv0BveVFrI0j6i7m4\nDbiVNpZNu0Di4wVZA79IHfURhwy7sjRg87/cbticQqC+/ioi19sbjc1dL+IWGjtk\npEzQvc37RpbXhF19bXK1pQEm54GlA+gcygPBUL8reGD2mLGOPVdKPGIKPE6x1PG5\nKq4bJOUCgYEAyHhloh/xPDpzXgp29OTinxt9OY5LurhjMdBKI0rflOpnR837Bekk\nu4dCfQqN8ydvqJFpx9bVnuVDk9STDOQAmflyEjONB6HjRRr/Ub5oncAOG5CKuP4N\nQqcQbn5brsIUd+iG7UWEpZKtbRTZ650IQhdXakahISw/jyagqYLehscCgYEA1tuJ\n8tSKuNJXmLMI46+WZ5MQhY++SiUPDRi2JQwsLIo/ouPoRQ8PIAln7WUFhAMuwsi/\nLdsXJI1niqRWz1LBRlVFTBxBomMTG5NAeRwHVAcHK9j/EOpz9GJ/KIdqJcQpkt4W\niDYDiiBX3pcRR1YOkjRoGY2ovt6sarWzbiYxgFMCgYBcZACTI52OYHHjGXeRjhtT\nsNuZtxb3yxsMTi6c7Vj1zMIkua3DH5wqQUBHWKHrOnWffsT9sOlq/caTTxkmi74r\nOGd2NAP/TIDtzG93QQX+DhFyar9EWvHJki1kfx/J/vBoAuaMW8mydVMwPrfgetLf\ngtpqxHpmS3pPg0HwXbwo6QKBgBUphHnVc2Bm31fb8nkylzbWZl8xXEXDRqs8jtwx\nSbyNVV0+42bB5/R42LKqK5PoGFf5G9Nxa+Mexl8CdsZu2TiLN4sakWBkL8Kci1Ii\nb5pYIt2vvte0r/0XIn0kcVEM9CdSFpgN8eVN8DmtWXdUQ5Uk8kfqCv/ZwNO119l2\ni5OfAoGABeT5tz9heLKN4rotigT4owPDIMNCju89a6Q/4ORpplwaQ23bQzLKHOjJ\n34VLYHfvnaYLs2xdsABjd7oHjESiIeb/t/p69enCIxnoNU/22XWjKLhp2GCHP9YY\n/mV/tEzWh4fdMZVgmSgWMdMPg/vpVGj0+6TazRwWxOqp6xZU6JE=\n-----END RSA PRIVATE KEY-----\n",
            "content_base64": null,
            "content_base64sha256": "0Q+wwxATmiY4gBe82jfb5+L7rGMitVYNx1CrUjrvAeM=",
            "content_base64sha512": "IWL1/s9BWDFPnPpsjmN2Goe7lFv/Lzq9AASM2rX9cPNkzjTUkCbMfC1tCMTPPjPfpzy/DZvgheoMtM4Q61XHuA==",
            "content_md5": "d2d3744f79a5571bee98134ebc0c3ff2",
            "content_sha1": "3ef41f45624d8a0768d61ac8adc98cb35c96d263",
            "content_sha256": "d10fb0c310139a26388017bcda37dbe7e2fbac6322b5560dc750ab523aef01e3",
            "content_sha512": "2162f5fecf4158314f9cfa6c8e63761a87bb945bff2f3abd00048cdab5fd70f364ce34d49026cc7c2d6d08c4cf3e33dfa73cbf0d9be085ea0cb4ce10eb55c7b8",
            "directory_permission": "0777",
            "file_permission": "0777",
            "filename": "/Users/pavlo/Desktop/Django-Poll-App/my-key.pem",
            "id": "3ef41f45624d8a0768d61ac8adc98cb35c96d263",
            "sensitive_content": null,
            "source": null
          },
          "sensitive_attributes": [
            [
              {
                "type": "get_attr",
                "value": "content"
              }
            ]
          ],
          "dependencies": [
            "tls_private_key.my_key"
          ]
        }
      ]
    },
    {
      "mode": "managed",
      "type": "tls_private_key",
      "name": "my_key",
      "provider": "provider[\"registry.terraform.io/hashicorp/tls\"]",
      "instances": [
        {
          "schema_version": 1,
          "attributes": {
            "algorithm": "RSA",
            "ecdsa_curve": "P224",
            "id": "f707e5968487c8745cef2d2f2e9bfce9edba5609",
            "private_key_openssh": "-----BEGIN OPENSSH PRIVATE KEY-----\nb3BlbnNzaC1rZXktdjEAAAAABG5vbmUAAAAEbm9uZQAAAAAAAAABAAABFwAAAAdz\nc2gtcnNhAAAAAwEAAQAAAQEAqECP+w8JJ935+OdI03GdSW4zIKFGpZL5dZHlExqR\ntAlCR3oOowiOUKuO45mmjVtfYTh3VeWHfhDCytnnSJ88JRVxS1ezQqblFPBWWAoR\nKGtZGJ5DBr5nFE2ur88U+Jh3/BDU5LkL+WcTXmdCu5JUX9VaV4nMch/2pzKVk8WT\ndkzy3aOohqVQ3ncy2S31Ic30oT2155FSwpIr4hityipHVAQAB5zqoTH+XTFX8Guo\njeTJ7S74fTh16ndOjwyY9hRNjkGeJCs+j3tlavw1f98im5UPR6WZjjHmIPaONLLG\ntu4WCSXwR63uJyGRFZwBAHnBR9v4NY5ZnJwoR/uAB6AyhQAAA7g9vdRbPb3UWwAA\nAAdzc2gtcnNhAAABAQCoQI/7Dwkn3fn450jTcZ1JbjMgoUalkvl1keUTGpG0CUJH\neg6jCI5Qq47jmaaNW19hOHdV5Yd+EMLK2edInzwlFXFLV7NCpuUU8FZYChEoa1kY\nnkMGvmcUTa6vzxT4mHf8ENTkuQv5ZxNeZ0K7klRf1VpXicxyH/anMpWTxZN2TPLd\no6iGpVDedzLZLfUhzfShPbXnkVLCkiviGK3KKkdUBAAHnOqhMf5dMVfwa6iN5Mnt\nLvh9OHXqd06PDJj2FE2OQZ4kKz6Pe2Vq/DV/3yKblQ9HpZmOMeYg9o40ssa27hYJ\nJfBHre4nIZEVnAEAecFH2/g1jlmcnChH+4AHoDKFAAAAAwEAAQAAAQAOxlSebEyW\nhqSb2duITdLNDvNIa0Ej6wsi6uPd0Jh44dNDKZG9eVPd+6K5k9WPVjXC+M1p6pUC\nWgBxBb+MngcPDpn7TsE8GiHFu/EpHAEztnGFeuhR4Eh2/PdZEus5hVIL/YJkb2eA\nyC9oO9MdW5UzMS4Uv9IHN41WU1fVOSVg3u6ACiMp053vhJtmptx1AL9Ab3lRayNI\n+ou5uA24lTaWTbtA4uMFWQO/SB31EYcMu7I0YPO/3G7YnEKgvv4qItfbG43NXS/i\nFho7ZKRM0L3N+0aW14RdfW1ytaUBJueBpQPoHMoDwVC/K3hg9pixjj1XSjxiCjxO\nsdTxuSquGyTlAAAAgAXk+bc/YXiyjeK6LYoE+KMDwyDDQo7vPWukP+DkaaZcGkNt\n20Myyhzoyd+FS2B3752mC7NsXbAAY3e6B4xEoiHm/7f6evXpwiMZ6DVP9tl1oyi4\nadhghz/WGP5lf7RM1oeH3TGVYJkoFjHTD4P76VRo9Puk2s0cFsTqqesWVOiRAAAA\ngQDIeGWiH/E8OnNeCnb05OKfG305jku6uGMx0EojSt+U6mdHzfsF6SS7h0J9Co3z\nJ2+okWnH1tWe5UOT1JMM5ACZ+XISM40HoeNFGv9RvmidwA4bkIq4/g1CpxBufluu\nwhR36IbtRYSlkq1tFNnrnQhCF1dqRqEhLD+PJqCpgt6GxwAAAIEA1tuJ8tSKuNJX\nmLMI46+WZ5MQhY++SiUPDRi2JQwsLIo/ouPoRQ8PIAln7WUFhAMuwsi/LdsXJI1n\niqRWz1LBRlVFTBxBomMTG5NAeRwHVAcHK9j/EOpz9GJ/KIdqJcQpkt4WiDYDiiBX\n3pcRR1YOkjRoGY2ovt6sarWzbiYxgFMAAAAAAQID\n-----END OPENSSH PRIVATE KEY-----\n",
            "private_key_pem": "-----BEGIN RSA PRIVATE KEY-----\nMIIEogIBAAKCAQEAqECP+w8JJ935+OdI03GdSW4zIKFGpZL5dZHlExqRtAlCR3oO\nowiOUKuO45mmjVtfYTh3VeWHfhDCytnnSJ88JRVxS1ezQqblFPBWWAoRKGtZGJ5D\nBr5nFE2ur88U+Jh3/BDU5LkL+WcTXmdCu5JUX9VaV4nMch/2pzKVk8WTdkzy3aOo\nhqVQ3ncy2S31Ic30oT2155FSwpIr4hityipHVAQAB5zqoTH+XTFX8GuojeTJ7S74\nfTh16ndOjwyY9hRNjkGeJCs+j3tlavw1f98im5UPR6WZjjHmIPaONLLGtu4WCSXw\nR63uJyGRFZwBAHnBR9v4NY5ZnJwoR/uAB6AyhQIDAQABAoIBAA7GVJ5sTJaGpJvZ\n24hN0s0O80hrQSPrCyLq493QmHjh00Mpkb15U937ormT1Y9WNcL4zWnqlQJaAHEF\nv4yeBw8OmftOwTwaIcW78SkcATO2cYV66FHgSHb891kS6zmFUgv9gmRvZ4DIL2g7\n0x1blTMxLhS/0gc3jVZTV9U5JWDe7oAKIynTne+Em2am3HUAv0BveVFrI0j6i7m4\nDbiVNpZNu0Di4wVZA79IHfURhwy7sjRg87/cbticQqC+/ioi19sbjc1dL+IWGjtk\npEzQvc37RpbXhF19bXK1pQEm54GlA+gcygPBUL8reGD2mLGOPVdKPGIKPE6x1PG5\nKq4bJOUCgYEAyHhloh/xPDpzXgp29OTinxt9OY5LurhjMdBKI0rflOpnR837Bekk\nu4dCfQqN8ydvqJFpx9bVnuVDk9STDOQAmflyEjONB6HjRRr/Ub5oncAOG5CKuP4N\nQqcQbn5brsIUd+iG7UWEpZKtbRTZ650IQhdXakahISw/jyagqYLehscCgYEA1tuJ\n8tSKuNJXmLMI46+WZ5MQhY++SiUPDRi2JQwsLIo/ouPoRQ8PIAln7WUFhAMuwsi/\nLdsXJI1niqRWz1LBRlVFTBxBomMTG5NAeRwHVAcHK9j/EOpz9GJ/KIdqJcQpkt4W\niDYDiiBX3pcRR1YOkjRoGY2ovt6sarWzbiYxgFMCgYBcZACTI52OYHHjGXeRjhtT\nsNuZtxb3yxsMTi6c7Vj1zMIkua3DH5wqQUBHWKHrOnWffsT9sOlq/caTTxkmi74r\nOGd2NAP/TIDtzG93QQX+DhFyar9EWvHJki1kfx/J/vBoAuaMW8mydVMwPrfgetLf\ngtpqxHpmS3pPg0HwXbwo6QKBgBUphHnVc2Bm31fb8nkylzbWZl8xXEXDRqs8jtwx\nSbyNVV0+42bB5/R42LKqK5PoGFf5G9Nxa+Mexl8CdsZu2TiLN4sakWBkL8Kci1Ii\nb5pYIt2vvte0r/0XIn0kcVEM9CdSFpgN8eVN8DmtWXdUQ5Uk8kfqCv/ZwNO119l2\ni5OfAoGABeT5tz9heLKN4rotigT4owPDIMNCju89a6Q/4ORpplwaQ23bQzLKHOjJ\n34VLYHfvnaYLs2xdsABjd7oHjESiIeb/t/p69enCIxnoNU/22XWjKLhp2GCHP9YY\n/mV/tEzWh4fdMZVgmSgWMdMPg/vpVGj0+6TazRwWxOqp6xZU6JE=\n-----END RSA PRIVATE KEY-----\n",
            "private_key_pem_pkcs8": "-----BEGIN PRIVATE KEY-----\nMIIEvAIBADANBgkqhkiG9w0BAQEFAASCBKYwggSiAgEAAoIBAQCoQI/7Dwkn3fn4\n50jTcZ1JbjMgoUalkvl1keUTGpG0CUJHeg6jCI5Qq47jmaaNW19hOHdV5Yd+EMLK\n2edInzwlFXFLV7NCpuUU8FZYChEoa1kYnkMGvmcUTa6vzxT4mHf8ENTkuQv5ZxNe\nZ0K7klRf1VpXicxyH/anMpWTxZN2TPLdo6iGpVDedzLZLfUhzfShPbXnkVLCkivi\nGK3KKkdUBAAHnOqhMf5dMVfwa6iN5MntLvh9OHXqd06PDJj2FE2OQZ4kKz6Pe2Vq\n/DV/3yKblQ9HpZmOMeYg9o40ssa27hYJJfBHre4nIZEVnAEAecFH2/g1jlmcnChH\n+4AHoDKFAgMBAAECggEADsZUnmxMloakm9nbiE3SzQ7zSGtBI+sLIurj3dCYeOHT\nQymRvXlT3fuiuZPVj1Y1wvjNaeqVAloAcQW/jJ4HDw6Z+07BPBohxbvxKRwBM7Zx\nhXroUeBIdvz3WRLrOYVSC/2CZG9ngMgvaDvTHVuVMzEuFL/SBzeNVlNX1TklYN7u\ngAojKdOd74SbZqbcdQC/QG95UWsjSPqLubgNuJU2lk27QOLjBVkDv0gd9RGHDLuy\nNGDzv9xu2JxCoL7+KiLX2xuNzV0v4hYaO2SkTNC9zftGlteEXX1tcrWlASbngaUD\n6BzKA8FQvyt4YPaYsY49V0o8Ygo8TrHU8bkqrhsk5QKBgQDIeGWiH/E8OnNeCnb0\n5OKfG305jku6uGMx0EojSt+U6mdHzfsF6SS7h0J9Co3zJ2+okWnH1tWe5UOT1JMM\n5ACZ+XISM40HoeNFGv9RvmidwA4bkIq4/g1CpxBufluuwhR36IbtRYSlkq1tFNnr\nnQhCF1dqRqEhLD+PJqCpgt6GxwKBgQDW24ny1Iq40leYswjjr5ZnkxCFj75KJQ8N\nGLYlDCwsij+i4+hFDw8gCWftZQWEAy7CyL8t2xckjWeKpFbPUsFGVUVMHEGiYxMb\nk0B5HAdUBwcr2P8Q6nP0Yn8oh2olxCmS3haINgOKIFfelxFHVg6SNGgZjai+3qxq\ntbNuJjGAUwKBgFxkAJMjnY5gceMZd5GOG1Ow25m3FvfLGwxOLpztWPXMwiS5rcMf\nnCpBQEdYoes6dZ9+xP2w6Wr9xpNPGSaLvis4Z3Y0A/9MgO3Mb3dBBf4OEXJqv0Ra\n8cmSLWR/H8n+8GgC5oxbybJ1UzA+t+B60t+C2mrEemZLek+DQfBdvCjpAoGAFSmE\nedVzYGbfV9vyeTKXNtZmXzFcRcNGqzyO3DFJvI1VXT7jZsHn9HjYsqork+gYV/kb\n03Fr4x7GXwJ2xm7ZOIs3ixqRYGQvwpyLUiJvmlgi3a++17Sv/RcifSRxUQz0J1IW\nmA3x5U3wOa1Zd1RDlSTyR+oK/9nA07XX2XaLk58CgYAF5Pm3P2F4so3iui2KBPij\nA8Mgw0KO7z1rpD/g5GmmXBpDbdtDMsoc6MnfhUtgd++dpguzbF2wAGN3ugeMRKIh\n5v+3+nr16cIjGeg1T/bZdaMouGnYYIc/1hj+ZX+0TNaHh90xlWCZKBYx0w+D++lU\naPT7pNrNHBbE6qnrFlTokQ==\n-----END PRIVATE KEY-----\n",
            "public_key_fingerprint_md5": "3e:2c:45:29:68:c3:95:bd:d5:c9:f5:ac:de:3c:0c:67",
            "public_key_fingerprint_sha256": "SHA256:NlCtQaRzYYS9CS1rl/zUEt/FWAP/MTyZ86Rv0fwv1Sw",
            "public_key_openssh": "ssh-rsa AAAAB3NzaC1yc2EAAAADAQABAAABAQCoQI/7Dwkn3fn450jTcZ1JbjMgoUalkvl1keUTGpG0CUJHeg6jCI5Qq47jmaaNW19hOHdV5Yd+EMLK2edInzwlFXFLV7NCpuUU8FZYChEoa1kYnkMGvmcUTa6vzxT4mHf8ENTkuQv5ZxNeZ0K7klRf1VpXicxyH/anMpWTxZN2TPLdo6iGpVDedzLZLfUhzfShPbXnkVLCkiviGK3KKkdUBAAHnOqhMf5dMVfwa6iN5MntLvh9OHXqd06PDJj2FE2OQZ4kKz6Pe2Vq/DV/3yKblQ9HpZmOMeYg9o40ssa27hYJJfBHre4nIZEVnAEAecFH2/g1jlmcnChH+4AHoDKF\n",
            "public_key_pem": "-----BEGIN PUBLIC KEY-----\nMIIBIjANBgkqhkiG9w0BAQEFAAOCAQ8AMIIBCgKCAQEAqECP+w8JJ935+OdI03Gd\nSW4zIKFGpZL5dZHlExqRtAlCR3oOowiOUKuO45mmjVtfYTh3VeWHfhDCytnnSJ88\nJRVxS1ezQqblFPBWWAoRKGtZGJ5DBr5nFE2ur88U+Jh3/BDU5LkL+WcTXmdCu5JU\nX9VaV4nMch/2pzKVk8WTdkzy3aOohqVQ3ncy2S31Ic30oT2155FSwpIr4hityipH\nVAQAB5zqoTH+XTFX8GuojeTJ7S74fTh16ndOjwyY9hRNjkGeJCs+j3tlavw1f98i\nm5UPR6WZjjHmIPaONLLGtu4WCSXwR63uJyGRFZwBAHnBR9v4NY5ZnJwoR/uAB6Ay\nhQIDAQAB\n-----END PUBLIC KEY-----\n",
            "rsa_bits": 2048
          },
          "sensitive_attributes": []
        }
      ]
    }
  ],
  "check_results": null
}
